
Microsoft Visual Studio Solution File, Format Version 12.00
# Visual Studio Version 16
VisualStudioVersion = 16.0.29424.173
MinimumVisualStudioVersion = 10.0.40219.1
Project("{FAE04EC0-301F-11D3-BF4B-00C04F79EFBC}") = "FitnessManager", "FitnessManager\FitnessManager.csproj", "{982BFD35-6B05-4930-9325-635C6A3C2588}"
EndProject
Global
	GlobalSection(SolutionConfigurationPlatforms) = preSolution
		Debug|Any CPU = Debug|Any CPU
		Release|Any CPU = Release|Any CPU
	EndGlobalSection
	GlobalSection(ProjectConfigurationPlatforms) = postSolution
		{982BFD35-6B05-4930-9325-635C6A3C2588}.Debug|Any CPU.ActiveCfg = Debug|Any CPU
		{982BFD35-6B05-4930-9325-635C6A3C2588}.Debug|Any CPU.Build.0 = Debug|Any CPU
		{982BFD35-6B05-4930-9325-635C6A3C2588}.Release|Any CPU.ActiveCfg = Release|Any CPU
		{982BFD35-6B05-4930-9325-635C6A3C2588}.Release|Any CPU.Build.0 = Release|Any CPU
	EndGlobalSection
	GlobalSection(SolutionProperties) = preSolution
		HideSolutionNode = FALSE
	EndGlobalSection
	GlobalSection(ExtensibilityGlobals) = postSolution
		SolutionGuid = {41C4DA72-5329-4626-8E98-BDA47BAF548F}
	EndGlobalSection
EndGlobal
